
Microsoft Visual Studio Solution File, Format Version 12.00
# Visual Studio Version 17
VisualStudioVersion = 17.11.35312.102
MinimumVisualStudioVersion = 10.0.40219.1
Project("{FAE04EC0-301F-11D3-BF4B-00C04F79EFBC}") = "HRTest", "HRTest\HRTest.csproj", "{19418D13-4309-4F8D-849C-F57CDA551CA4}"
EndProject
Global
	GlobalSection(SolutionConfigurationPlatforms) = preSolution
		Debug|Any CPU = Debug|Any CPU
		Release|Any CPU = Release|Any CPU
	EndGlobalSection
	GlobalSection(ProjectConfigurationPlatforms) = postSolution
		{19418D13-4309-4F8D-849C-F57CDA551CA4}.Debug|Any CPU.ActiveCfg = Debug|Any CPU
		{19418D13-4309-4F8D-849C-F57CDA551CA4}.Debug|Any CPU.Build.0 = Debug|Any CPU
		{19418D13-4309-4F8D-849C-F57CDA551CA4}.Release|Any CPU.ActiveCfg = Release|Any CPU
		{19418D13-4309-4F8D-849C-F57CDA551CA4}.Release|Any CPU.Build.0 = Release|Any CPU
	EndGlobalSection
	GlobalSection(SolutionProperties) = preSolution
		HideSolutionNode = FALSE
	EndGlobalSection
	GlobalSection(ExtensibilityGlobals) = postSolution
		SolutionGuid = {A65C6649-7F2D-4739-B549-6AAA1E023C8C}
	EndGlobalSection
EndGlobal
